
Microsoft Visual Studio Solution File, Format Version 12.00
# Visual Studio 15
VisualStudioVersion = 15.0.28010.2050
MinimumVisualStudioVersion = 10.0.40219.1
Project("{FAE04EC0-301F-11D3-BF4B-00C04F79EFBC}") = "Api", "Api\Api.csproj", "{072C78B8-35A4-46A8-AE35-EE789FE9D46A}"
EndProject
Project("{FAE04EC0-301F-11D3-BF4B-00C04F79EFBC}") = "Api.Tests", "Api.Tests\Api.Tests.csproj", "{E254115E-6262-4285-962A-90D89719C4C0}"
EndProject
Project("{FAE04EC0-301F-11D3-BF4B-00C04F79EFBC}") = "Core", "Core\Core.csproj", "{B8CF9913-55CA-43A1-8594-2202EE0C8789}"
EndProject
Project("{FAE04EC0-301F-11D3-BF4B-00C04F79EFBC}") = "Infrastructure", "Infrastructure\Infrastructure.csproj", "{4AC03639-7E63-4D44-8138-93B101958B20}"
EndProject
Project("{FAE04EC0-301F-11D3-BF4B-00C04F79EFBC}") = "App", "App\App.csproj", "{23FC2DAA-9641-4902-AF7C-AE0A0669115D}"
EndProject
Project("{FAE04EC0-301F-11D3-BF4B-00C04F79EFBC}") = "App.Tests", "App.Tests\App.Tests.csproj", "{51B22687-8B45-4084-8805-52C8F45E8A2D}"
EndProject
Project("{2150E333-8FDC-42A3-9474-1A3956D46DE8}") = "doc", "doc", "{EA922CA6-67CD-46BF-BB7B-FFBF7CA8DF45}"
EndProject
Project("{2150E333-8FDC-42A3-9474-1A3956D46DE8}") = "src", "src", "{CB901814-EF34-4BB1-8946-6A59BAE9870F}"
EndProject
Project("{2150E333-8FDC-42A3-9474-1A3956D46DE8}") = "test", "test", "{B878BA4E-DDB5-4171-8A04-359B09482DDE}"
EndProject
Project("{FAE04EC0-301F-11D3-BF4B-00C04F79EFBC}") = "Models", "Models\Models.csproj", "{A1C163BD-AEF4-47C5-822C-29AB69CDD341}"
EndProject
Global
	GlobalSection(SolutionConfigurationPlatforms) = preSolution
		Debug|Any CPU = Debug|Any CPU
		Release|Any CPU = Release|Any CPU
	EndGlobalSection
	GlobalSection(ProjectConfigurationPlatforms) = postSolution
		{072C78B8-35A4-46A8-AE35-EE789FE9D46A}.Debug|Any CPU.ActiveCfg = Debug|Any CPU
		{072C78B8-35A4-46A8-AE35-EE789FE9D46A}.Debug|Any CPU.Build.0 = Debug|Any CPU
		{072C78B8-35A4-46A8-AE35-EE789FE9D46A}.Release|Any CPU.ActiveCfg = Release|Any CPU
		{072C78B8-35A4-46A8-AE35-EE789FE9D46A}.Release|Any CPU.Build.0 = Release|Any CPU
		{E254115E-6262-4285-962A-90D89719C4C0}.Debug|Any CPU.ActiveCfg = Debug|Any CPU
		{E254115E-6262-4285-962A-90D89719C4C0}.Debug|Any CPU.Build.0 = Debug|Any CPU
		{E254115E-6262-4285-962A-90D89719C4C0}.Release|Any CPU.ActiveCfg = Release|Any CPU
		{E254115E-6262-4285-962A-90D89719C4C0}.Release|Any CPU.Build.0 = Release|Any CPU
		{B8CF9913-55CA-43A1-8594-2202EE0C8789}.Debug|Any CPU.ActiveCfg = Debug|Any CPU
		{B8CF9913-55CA-43A1-8594-2202EE0C8789}.Debug|Any CPU.Build.0 = Debug|Any CPU
		{B8CF9913-55CA-43A1-8594-2202EE0C8789}.Release|Any CPU.ActiveCfg = Release|Any CPU
		{B8CF9913-55CA-43A1-8594-2202EE0C8789}.Release|Any CPU.Build.0 = Release|Any CPU
		{4AC03639-7E63-4D44-8138-93B101958B20}.Debug|Any CPU.ActiveCfg = Debug|Any CPU
		{4AC03639-7E63-4D44-8138-93B101958B20}.Debug|Any CPU.Build.0 = Debug|Any CPU
		{4AC03639-7E63-4D44-8138-93B101958B20}.Release|Any CPU.ActiveCfg = Release|Any CPU
		{4AC03639-7E63-4D44-8138-93B101958B20}.Release|Any CPU.Build.0 = Release|Any CPU
		{23FC2DAA-9641-4902-AF7C-AE0A0669115D}.Debug|Any CPU.ActiveCfg = Debug|Any CPU
		{23FC2DAA-9641-4902-AF7C-AE0A0669115D}.Debug|Any CPU.Build.0 = Debug|Any CPU
		{23FC2DAA-9641-4902-AF7C-AE0A0669115D}.Release|Any CPU.ActiveCfg = Release|Any CPU
		{23FC2DAA-9641-4902-AF7C-AE0A0669115D}.Release|Any CPU.Build.0 = Release|Any CPU
		{51B22687-8B45-4084-8805-52C8F45E8A2D}.Debug|Any CPU.ActiveCfg = Debug|Any CPU
		{51B22687-8B45-4084-8805-52C8F45E8A2D}.Debug|Any CPU.Build.0 = Debug|Any CPU
		{51B22687-8B45-4084-8805-52C8F45E8A2D}.Release|Any CPU.ActiveCfg = Release|Any CPU
		{51B22687-8B45-4084-8805-52C8F45E8A2D}.Release|Any CPU.Build.0 = Release|Any CPU
		{A1C163BD-AEF4-47C5-822C-29AB69CDD341}.Debug|Any CPU.ActiveCfg = Debug|Any CPU
		{A1C163BD-AEF4-47C5-822C-29AB69CDD341}.Debug|Any CPU.Build.0 = Debug|Any CPU
		{A1C163BD-AEF4-47C5-822C-29AB69CDD341}.Release|Any CPU.ActiveCfg = Release|Any CPU
		{A1C163BD-AEF4-47C5-822C-29AB69CDD341}.Release|Any CPU.Build.0 = Release|Any CPU
	EndGlobalSection
	GlobalSection(SolutionProperties) = preSolution
		HideSolutionNode = FALSE
	EndGlobalSection
	GlobalSection(NestedProjects) = preSolution
		{072C78B8-35A4-46A8-AE35-EE789FE9D46A} = {CB901814-EF34-4BB1-8946-6A59BAE9870F}
		{E254115E-6262-4285-962A-90D89719C4C0} = {B878BA4E-DDB5-4171-8A04-359B09482DDE}
		{B8CF9913-55CA-43A1-8594-2202EE0C8789} = {CB901814-EF34-4BB1-8946-6A59BAE9870F}
		{4AC03639-7E63-4D44-8138-93B101958B20} = {CB901814-EF34-4BB1-8946-6A59BAE9870F}
		{23FC2DAA-9641-4902-AF7C-AE0A0669115D} = {CB901814-EF34-4BB1-8946-6A59BAE9870F}
		{51B22687-8B45-4084-8805-52C8F45E8A2D} = {B878BA4E-DDB5-4171-8A04-359B09482DDE}
		{A1C163BD-AEF4-47C5-822C-29AB69CDD341} = {CB901814-EF34-4BB1-8946-6A59BAE9870F}
	EndGlobalSection
	GlobalSection(ExtensibilityGlobals) = postSolution
		SolutionGuid = {ECC86513-12DF-4F21-B5BD-ECBA5967B56A}
	EndGlobalSection
EndGlobal
